
Microsoft Visual Studio Solution File, Format Version 12.00
# Visual Studio 14
VisualStudioVersion = 14.0.25420.1
MinimumVisualStudioVersion = 10.0.40219.1
Project("{FAE04EC0-301F-11D3-BF4B-00C04F79EFBC}") = "CSharedPreferences", "CSharedPreferences\CSharedPreferences.csproj", "{A4AFEBC6-EEEC-4DCA-BFDB-B3F31BA144F0}"
EndProject
Project("{FAE04EC0-301F-11D3-BF4B-00C04F79EFBC}") = "Test", "Test\Test.csproj", "{5E812FD8-0EAB-4B2E-8518-F6D0ADD80EEF}"
EndProject
Global
	GlobalSection(SolutionConfigurationPlatforms) = preSolution
		Debug|Any CPU = Debug|Any CPU
		Release|Any CPU = Release|Any CPU
	EndGlobalSection
	GlobalSection(ProjectConfigurationPlatforms) = postSolution
		{A4AFEBC6-EEEC-4DCA-BFDB-B3F31BA144F0}.Debug|Any CPU.ActiveCfg = Debug|Any CPU
		{A4AFEBC6-EEEC-4DCA-BFDB-B3F31BA144F0}.Debug|Any CPU.Build.0 = Debug|Any CPU
		{A4AFEBC6-EEEC-4DCA-BFDB-B3F31BA144F0}.Release|Any CPU.ActiveCfg = Release|Any CPU
		{A4AFEBC6-EEEC-4DCA-BFDB-B3F31BA144F0}.Release|Any CPU.Build.0 = Release|Any CPU
		{5E812FD8-0EAB-4B2E-8518-F6D0ADD80EEF}.Debug|Any CPU.ActiveCfg = Debug|Any CPU
		{5E812FD8-0EAB-4B2E-8518-F6D0ADD80EEF}.Debug|Any CPU.Build.0 = Debug|Any CPU
		{5E812FD8-0EAB-4B2E-8518-F6D0ADD80EEF}.Release|Any CPU.ActiveCfg = Release|Any CPU
		{5E812FD8-0EAB-4B2E-8518-F6D0ADD80EEF}.Release|Any CPU.Build.0 = Release|Any CPU
	EndGlobalSection
	GlobalSection(SolutionProperties) = preSolution
		HideSolutionNode = FALSE
	EndGlobalSection
EndGlobal
